{
  "object": {
    "pins": [
      {
        "package": "ListKit",
        "repositoryURL": "git@github.com:ReactComponentKit/ListKit.git",
        "state": {
          "branch": "main",
          "revision": "5edf5c68041bf3c19a3866fde665ac6c8e5f90b8",
          "version": null
        }
      },
      {
        "package": "SnapKit",
        "repositoryURL": "https://github.com/SnapKit/SnapKit.git",
        "state": {
          "branch": null,
          "revision": "d458564516e5676af9c70b4f4b2a9178294f1bc6",
          "version": "5.0.1"
        }
      }
    ]
  },
  "version": 1
}
