{
  "object": {
    "pins": [
      {
        "package": "ListKit",
        "repositoryURL": "https://github.com/ReactComponentKit/ListKit.git",
        "state": {
          "branch": "main",
          "revision": "ad970d54379a3e137e5bbb8f5bacf2c93b9e66f2",
          "version": null
        }
      },
      {
        "package": "SnapKit",
        "repositoryURL": "https://github.com/SnapKit/SnapKit.git",
        "state": {
          "branch": null,
          "revision": "d458564516e5676af9c70b4f4b2a9178294f1bc6",
          "version": "5.0.1"
        }
      },
      {
        "package": "SwipeCellKit",
        "repositoryURL": "https://github.com/SwipeCellKit/SwipeCellKit.git",
        "state": {
          "branch": null,
          "revision": "7219cad3098637176ace311510d11467dbfb9bb0",
          "version": "2.7.1"
        }
      }
    ]
  },
  "version": 1
}
