// !$*UTF8*$!
{
	archiveVersion = 1;
	classes = {
	};
	objectVersion = 52;
	objects = {

/* Begin PBXBuildFile section */
		4EDB0C2B26F3921000164E0A /* AppDelegate.swift in Sources */ = {isa = PBXBuildFile; fileRef = 4EDB0C2A26F3921000164E0A /* AppDelegate.swift */; };
		4EDB0C2D26F3921000164E0A /* SceneDelegate.swift in Sources */ = {isa = PBXBuildFile; fileRef = 4EDB0C2C26F3921000164E0A /* SceneDelegate.swift */; };
		4EDB0C2F26F3921000164E0A /* ViewController.swift in Sources */ = {isa = PBXBuildFile; fileRef = 4EDB0C2E26F3921000164E0A /* ViewController.swift */; };
		4EDB0C3226F3921000164E0A /* Main.storyboard in Resources */ = {isa = PBXBuildFile; fileRef = 4EDB0C3026F3921000164E0A /* Main.storyboard */; };
		4EDB0C3426F3921100164E0A /* Assets.xcassets in Resources */ = {isa = PBXBuildFile; fileRef = 4EDB0C3326F3921100164E0A /* Assets.xcassets */; };
		4EDB0C3726F3921100164E0A /* LaunchScreen.storyboard in Resources */ = {isa = PBXBuildFile; fileRef = 4EDB0C3526F3921100164E0A /* LaunchScreen.storyboard */; };
		4EDB0C4026F3924400164E0A /* ListKit in Frameworks */ = {isa = PBXBuildFile; productRef = 4EDB0C3F26F3924400164E0A /* ListKit */; };
		4EDB0C4326F3930F00164E0A /* SnapKit in Frameworks */ = {isa = PBXBuildFile; productRef = 4EDB0C4226F3930F00164E0A /* SnapKit */; };
		4EDB0C4626F3939200164E0A /* NumberBoxComponent.swift in Sources */ = {isa = PBXBuildFile; fileRef = 4EDB0C4526F3939200164E0A /* NumberBoxComponent.swift */; };
/* End PBXBuildFile section */

/* Begin PBXFileReference section */
		4EDB0C2726F3921000164E0A /* 01StaticList.app */ = {isa = PBXFileReference; explicitFileType = wrapper.application; includeInIndex = 0; path = 01StaticList.app; sourceTree = BUILT_PRODUCTS_DIR; };
		4EDB0C2A26F3921000164E0A /* AppDelegate.swift */ = {isa = PBXFileReference; lastKnownFileType = sourcecode.swift; path = AppDelegate.swift; sourceTree = "<group>"; };
		4EDB0C2C26F3921000164E0A /* SceneDelegate.swift */ = {isa = PBXFileReference; lastKnownFileType = sourcecode.swift; path = SceneDelegate.swift; sourceTree = "<group>"; };
		4EDB0C2E26F3921000164E0A /* ViewController.swift */ = {isa = PBXFileReference; lastKnownFileType = sourcecode.swift; path = ViewController.swift; sourceTree = "<group>"; };
		4EDB0C3126F3921000164E0A /* Base */ = {isa = PBXFileReference; lastKnownFileType = file.storyboard; name = Base; path = Base.lproj/Main.storyboard; sourceTree = "<group>"; };
		4EDB0C3326F3921100164E0A /* Assets.xcassets */ = {isa = PBXFileReference; lastKnownFileType = folder.assetcatalog; path = Assets.xcassets; sourceTree = "<group>"; };
		4EDB0C3626F3921100164E0A /* Base */ = {isa = PBXFileReference; lastKnownFileType = file.storyboard; name = Base; path = Base.lproj/LaunchScreen.storyboard; sourceTree = "<group>"; };
		4EDB0C3826F3921100164E0A /* Info.plist */ = {isa = PBXFileReference; lastKnownFileType = text.plist.xml; path = Info.plist; sourceTree = "<group>"; };
		4EDB0C4526F3939200164E0A /* NumberBoxComponent.swift */ = {isa = PBXFileReference; lastKnownFileType = sourcecode.swift; path = NumberBoxComponent.swift; sourceTree = "<group>"; };
/* End PBXFileReference section */

/* Begin PBXFrameworksBuildPhase section */
		4EDB0C2426F3921000164E0A /* Frameworks */ = {
			isa = PBXFrameworksBuildPhase;
			buildActionMask = 2147483647;
			files = (
				4EDB0C4026F3924400164E0A /* ListKit in Frameworks */,
				4EDB0C4326F3930F00164E0A /* SnapKit in Frameworks */,
			);
			runOnlyForDeploymentPostprocessing = 0;
		};
/* End PBXFrameworksBuildPhase section */

/* Begin PBXGroup section */
		4EDB0C1E26F3921000164E0A = {
			isa = PBXGroup;
			children = (
				4EDB0C2926F3921000164E0A /* 01StaticList */,
				4EDB0C2826F3921000164E0A /* Products */,
			);
			sourceTree = "<group>";
		};
		4EDB0C2826F3921000164E0A /* Products */ = {
			isa = PBXGroup;
			children = (
				4EDB0C2726F3921000164E0A /* 01StaticList.app */,
			);
			name = Products;
			sourceTree = "<group>";
		};
		4EDB0C2926F3921000164E0A /* 01StaticList */ = {
			isa = PBXGroup;
			children = (
				4EDB0C4426F3936F00164E0A /* Components */,
				4EDB0C2A26F3921000164E0A /* AppDelegate.swift */,
				4EDB0C2C26F3921000164E0A /* SceneDelegate.swift */,
				4EDB0C2E26F3921000164E0A /* ViewController.swift */,
				4EDB0C3026F3921000164E0A /* Main.storyboard */,
				4EDB0C3326F3921100164E0A /* Assets.xcassets */,
				4EDB0C3526F3921100164E0A /* LaunchScreen.storyboard */,
				4EDB0C3826F3921100164E0A /* Info.plist */,
			);
			path = 01StaticList;
			sourceTree = "<group>";
		};
		4EDB0C4426F3936F00164E0A /* Components */ = {
			isa = PBXGroup;
			children = (
				4EDB0C4526F3939200164E0A /* NumberBoxComponent.swift */,
			);
			path = Components;
			sourceTree = "<group>";
		};
/* End PBXGroup section */

/* Begin PBXNativeTarget section */
		4EDB0C2626F3921000164E0A /* 01StaticList */ = {
			isa = PBXNativeTarget;
			buildConfigurationList = 4EDB0C3B26F3921100164E0A /* Build configuration list for PBXNativeTarget "01StaticList" */;
			buildPhases = (
				4EDB0C2326F3921000164E0A /* Sources */,
				4EDB0C2426F3921000164E0A /* Frameworks */,
				4EDB0C2526F3921000164E0A /* Resources */,
			);
			buildRules = (
			);
			dependencies = (
			);
			name = 01StaticList;
			packageProductDependencies = (
				4EDB0C3F26F3924400164E0A /* ListKit */,
				4EDB0C4226F3930F00164E0A /* SnapKit */,
			);
			productName = 01StaticList;
			productReference = 4EDB0C2726F3921000164E0A /* 01StaticList.app */;
			productType = "com.apple.product-type.application";
		};
/* End PBXNativeTarget section */

/* Begin PBXProject section */
		4EDB0C1F26F3921000164E0A /* Project object */ = {
			isa = PBXProject;
			attributes = {
				LastSwiftUpdateCheck = 1250;
				LastUpgradeCheck = 1250;
				TargetAttributes = {
					4EDB0C2626F3921000164E0A = {
						CreatedOnToolsVersion = 12.5;
					};
				};
			};
			buildConfigurationList = 4EDB0C2226F3921000164E0A /* Build configuration list for PBXProject "01StaticList" */;
			compatibilityVersion = "Xcode 9.3";
			developmentRegion = en;
			hasScannedForEncodings = 0;
			knownRegions = (
				en,
				Base,
			);
			mainGroup = 4EDB0C1E26F3921000164E0A;
			packageReferences = (
				4EDB0C3E26F3924400164E0A /* XCRemoteSwiftPackageReference "ListKit" */,
				4EDB0C4126F3930F00164E0A /* XCRemoteSwiftPackageReference "SnapKit" */,
			);
			productRefGroup = 4EDB0C2826F3921000164E0A /* Products */;
			projectDirPath = "";
			projectRoot = "";
			targets = (
				4EDB0C2626F3921000164E0A /* 01StaticList */,
			);
		};
/* End PBXProject section */

/* Begin PBXResourcesBuildPhase section */
		4EDB0C2526F3921000164E0A /* Resources */ = {
			isa = PBXResourcesBuildPhase;
			buildActionMask = 2147483647;
			files = (
				4EDB0C3726F3921100164E0A /* LaunchScreen.storyboard in Resources */,
				4EDB0C3426F3921100164E0A /* Assets.xcassets in Resources */,
				4EDB0C3226F3921000164E0A /* Main.storyboard in Resources */,
			);
			runOnlyForDeploymentPostprocessing = 0;
		};
/* End PBXResourcesBuildPhase section */

/* Begin PBXSourcesBuildPhase section */
		4EDB0C2326F3921000164E0A /* Sources */ = {
			isa = PBXSourcesBuildPhase;
			buildActionMask = 2147483647;
			files = (
				4EDB0C4626F3939200164E0A /* NumberBoxComponent.swift in Sources */,
				4EDB0C2F26F3921000164E0A /* ViewController.swift in Sources */,
				4EDB0C2B26F3921000164E0A /* AppDelegate.swift in Sources */,
				4EDB0C2D26F3921000164E0A /* SceneDelegate.swift in Sources */,
			);
			runOnlyForDeploymentPostprocessing = 0;
		};
/* End PBXSourcesBuildPhase section */

/* Begin PBXVariantGroup section */
		4EDB0C3026F3921000164E0A /* Main.storyboard */ = {
			isa = PBXVariantGroup;
			children = (
				4EDB0C3126F3921000164E0A /* Base */,
			);
			name = Main.storyboard;
			sourceTree = "<group>";
		};
		4EDB0C3526F3921100164E0A /* LaunchScreen.storyboard */ = {
			isa = PBXVariantGroup;
			children = (
				4EDB0C3626F3921100164E0A /* Base */,
			);
			name = LaunchScreen.storyboard;
			sourceTree = "<group>";
		};
/* End PBXVariantGroup section */

/* Begin XCBuildConfiguration section */
		4EDB0C3926F3921100164E0A /* Debug */ = {
			isa = XCBuildConfiguration;
			buildSettings = {
				ALWAYS_SEARCH_USER_PATHS = NO;
				CLANG_ANALYZER_NONNULL = YES;
				CLANG_ANALYZER_NUMBER_OBJECT_CONVERSION = YES_AGGRESSIVE;
				CLANG_CXX_LANGUAGE_STANDARD = "gnu++14";
				CLANG_CXX_LIBRARY = "libc++";
				CLANG_ENABLE_MODULES = YES;
				CLANG_ENABLE_OBJC_ARC = YES;
				CLANG_ENABLE_OBJC_WEAK = YES;
				CLANG_WARN_BLOCK_CAPTURE_AUTORELEASING = YES;
				CLANG_WARN_BOOL_CONVERSION = YES;
				CLANG_WARN_COMMA = YES;
				CLANG_WARN_CONSTANT_CONVERSION = YES;
				CLANG_WARN_DEPRECATED_OBJC_IMPLEMENTATIONS = YES;
				CLANG_WARN_DIRECT_OBJC_ISA_USAGE = YES_ERROR;
				CLANG_WARN_DOCUMENTATION_COMMENTS = YES;
				CLANG_WARN_EMPTY_BODY = YES;
				CLANG_WARN_ENUM_CONVERSION = YES;
				CLANG_WARN_INFINITE_RECURSION = YES;
				CLANG_WARN_INT_CONVERSION = YES;
				CLANG_WARN_NON_LITERAL_NULL_CONVERSION = YES;
				CLANG_WARN_OBJC_IMPLICIT_RETAIN_SELF = YES;
				CLANG_WARN_OBJC_LITERAL_CONVERSION = YES;
				CLANG_WARN_OBJC_ROOT_CLASS = YES_ERROR;
				CLANG_WARN_QUOTED_INCLUDE_IN_FRAMEWORK_HEADER = YES;
				CLANG_WARN_RANGE_LOOP_ANALYSIS = YES;
				CLANG_WARN_STRICT_PROTOTYPES = YES;
				CLANG_WARN_SUSPICIOUS_MOVE = YES;
				CLANG_WARN_UNGUARDED_AVAILABILITY = YES_AGGRESSIVE;
				CLANG_WARN_UNREACHABLE_CODE = YES;
				CLANG_WARN__DUPLICATE_METHOD_MATCH = YES;
				COPY_PHASE_STRIP = NO;
				DEBUG_INFORMATION_FORMAT = dwarf;
				ENABLE_STRICT_OBJC_MSGSEND = YES;
				ENABLE_TESTABILITY = YES;
				GCC_C_LANGUAGE_STANDARD = gnu11;
				GCC_DYNAMIC_NO_PIC = NO;
				GCC_NO_COMMON_BLOCKS = YES;
				GCC_OPTIMIZATION_LEVEL = 0;
				GCC_PREPROCESSOR_DEFINITIONS = (
					"DEBUG=1",
					"$(inherited)",
				);
				GCC_WARN_64_TO_32_BIT_CONVERSION = YES;
				GCC_WARN_ABOUT_RETURN_TYPE = YES_ERROR;
				GCC_WARN_UNDECLARED_SELECTOR = YES;
				GCC_WARN_UNINITIALIZED_AUTOS = YES_AGGRESSIVE;
				GCC_WARN_UNUSED_FUNCTION = YES;
				GCC_WARN_UNUSED_VARIABLE = YES;
				IPHONEOS_DEPLOYMENT_TARGET = 14.5;
				MTL_ENABLE_DEBUG_INFO = INCLUDE_SOURCE;
				MTL_FAST_MATH = YES;
				ONLY_ACTIVE_ARCH = YES;
				SDKROOT = iphoneos;
				SWIFT_ACTIVE_COMPILATION_CONDITIONS = DEBUG;
				SWIFT_OPTIMIZATION_LEVEL = "-Onone";
			};
			name = Debug;
		};
		4EDB0C3A26F3921100164E0A /* Release */ = {
			isa = XCBuildConfiguration;
			buildSettings = {
				ALWAYS_SEARCH_USER_PATHS = NO;
				CLANG_ANALYZER_NONNULL = YES;
				CLANG_ANALYZER_NUMBER_OBJECT_CONVERSION = YES_AGGRESSIVE;
				CLANG_CXX_LANGUAGE_STANDARD = "gnu++14";
				CLANG_CXX_LIBRARY = "libc++";
				CLANG_ENABLE_MODULES = YES;
				CLANG_ENABLE_OBJC_ARC = YES;
				CLANG_ENABLE_OBJC_WEAK = YES;
				CLANG_WARN_BLOCK_CAPTURE_AUTORELEASING = YES;
				CLANG_WARN_BOOL_CONVERSION = YES;
				CLANG_WARN_COMMA = YES;
				CLANG_WARN_CONSTANT_CONVERSION = YES;
				CLANG_WARN_DEPRECATED_OBJC_IMPLEMENTATIONS = YES;
				CLANG_WARN_DIRECT_OBJC_ISA_USAGE = YES_ERROR;
				CLANG_WARN_DOCUMENTATION_COMMENTS = YES;
				CLANG_WARN_EMPTY_BODY = YES;
				CLANG_WARN_ENUM_CONVERSION = YES;
				CLANG_WARN_INFINITE_RECURSION = YES;
				CLANG_WARN_INT_CONVERSION = YES;
				CLANG_WARN_NON_LITERAL_NULL_CONVERSION = YES;
				CLANG_WARN_OBJC_IMPLICIT_RETAIN_SELF = YES;
				CLANG_WARN_OBJC_LITERAL_CONVERSION = YES;
				CLANG_WARN_OBJC_ROOT_CLASS = YES_ERROR;
				CLANG_WARN_QUOTED_INCLUDE_IN_FRAMEWORK_HEADER = YES;
				CLANG_WARN_RANGE_LOOP_ANALYSIS = YES;
				CLANG_WARN_STRICT_PROTOTYPES = YES;
				CLANG_WARN_SUSPICIOUS_MOVE = YES;
				CLANG_WARN_UNGUARDED_AVAILABILITY = YES_AGGRESSIVE;
				CLANG_WARN_UNREACHABLE_CODE = YES;
				CLANG_WARN__DUPLICATE_METHOD_MATCH = YES;
				COPY_PHASE_STRIP = NO;
				DEBUG_INFORMATION_FORMAT = "dwarf-with-dsym";
				ENABLE_NS_ASSERTIONS = NO;
				ENABLE_STRICT_OBJC_MSGSEND = YES;
				GCC_C_LANGUAGE_STANDARD = gnu11;
				GCC_NO_COMMON_BLOCKS = YES;
				GCC_WARN_64_TO_32_BIT_CONVERSION = YES;
				GCC_WARN_ABOUT_RETURN_TYPE = YES_ERROR;
				GCC_WARN_UNDECLARED_SELECTOR = YES;
				GCC_WARN_UNINITIALIZED_AUTOS = YES_AGGRESSIVE;
				GCC_WARN_UNUSED_FUNCTION = YES;
				GCC_WARN_UNUSED_VARIABLE = YES;
				IPHONEOS_DEPLOYMENT_TARGET = 14.5;
				MTL_ENABLE_DEBUG_INFO = NO;
				MTL_FAST_MATH = YES;
				SDKROOT = iphoneos;
				SWIFT_COMPILATION_MODE = wholemodule;
				SWIFT_OPTIMIZATION_LEVEL = "-O";
				VALIDATE_PRODUCT = YES;
			};
			name = Release;
		};
		4EDB0C3C26F3921100164E0A /* Debug */ = {
			isa = XCBuildConfiguration;
			buildSettings = {
				ASSETCATALOG_COMPILER_APPICON_NAME = AppIcon;
				ASSETCATALOG_COMPILER_GLOBAL_ACCENT_COLOR_NAME = AccentColor;
				CODE_SIGN_STYLE = Automatic;
				DEVELOPMENT_TEAM = F2YX27TG52;
				INFOPLIST_FILE = 01StaticList/Info.plist;
				LD_RUNPATH_SEARCH_PATHS = (
					"$(inherited)",
					"@executable_path/Frameworks",
				);
				PRODUCT_BUNDLE_IDENTIFIER = "com.github.skyfe79.-1StaticList";
				PRODUCT_NAME = "$(TARGET_NAME)";
				SWIFT_VERSION = 5.0;
				TARGETED_DEVICE_FAMILY = "1,2";
			};
			name = Debug;
		};
		4EDB0C3D26F3921100164E0A /* Release */ = {
			isa = XCBuildConfiguration;
			buildSettings = {
				ASSETCATALOG_COMPILER_APPICON_NAME = AppIcon;
				ASSETCATALOG_COMPILER_GLOBAL_ACCENT_COLOR_NAME = AccentColor;
				CODE_SIGN_STYLE = Automatic;
				DEVELOPMENT_TEAM = F2YX27TG52;
				INFOPLIST_FILE = 01StaticList/Info.plist;
				LD_RUNPATH_SEARCH_PATHS = (
					"$(inherited)",
					"@executable_path/Frameworks",
				);
				PRODUCT_BUNDLE_IDENTIFIER = "com.github.skyfe79.-1StaticList";
				PRODUCT_NAME = "$(TARGET_NAME)";
				SWIFT_VERSION = 5.0;
				TARGETED_DEVICE_FAMILY = "1,2";
			};
			name = Release;
		};
/* End XCBuildConfiguration section */

/* Begin XCConfigurationList section */
		4EDB0C2226F3921000164E0A /* Build configuration list for PBXProject "01StaticList" */ = {
			isa = XCConfigurationList;
			buildConfigurations = (
				4EDB0C3926F3921100164E0A /* Debug */,
				4EDB0C3A26F3921100164E0A /* Release */,
			);
			defaultConfigurationIsVisible = 0;
			defaultConfigurationName = Release;
		};
		4EDB0C3B26F3921100164E0A /* Build configuration list for PBXNativeTarget "01StaticList" */ = {
			isa = XCConfigurationList;
			buildConfigurations = (
				4EDB0C3C26F3921100164E0A /* Debug */,
				4EDB0C3D26F3921100164E0A /* Release */,
			);
			defaultConfigurationIsVisible = 0;
			defaultConfigurationName = Release;
		};
/* End XCConfigurationList section */

/* Begin XCRemoteSwiftPackageReference section */
		4EDB0C3E26F3924400164E0A /* XCRemoteSwiftPackageReference "ListKit" */ = {
			isa = XCRemoteSwiftPackageReference;
			repositoryURL = "git@github.com:ReactComponentKit/ListKit.git";
			requirement = {
				branch = main;
				kind = branch;
			};
		};
		4EDB0C4126F3930F00164E0A /* XCRemoteSwiftPackageReference "SnapKit" */ = {
			isa = XCRemoteSwiftPackageReference;
			repositoryURL = "https://github.com/SnapKit/SnapKit.git";
			requirement = {
				kind = upToNextMajorVersion;
				minimumVersion = 5.0.1;
			};
		};
/* End XCRemoteSwiftPackageReference section */

/* Begin XCSwiftPackageProductDependency section */
		4EDB0C3F26F3924400164E0A /* ListKit */ = {
			isa = XCSwiftPackageProductDependency;
			package = 4EDB0C3E26F3924400164E0A /* XCRemoteSwiftPackageReference "ListKit" */;
			productName = ListKit;
		};
		4EDB0C4226F3930F00164E0A /* SnapKit */ = {
			isa = XCSwiftPackageProductDependency;
			package = 4EDB0C4126F3930F00164E0A /* XCRemoteSwiftPackageReference "SnapKit" */;
			productName = SnapKit;
		};
/* End XCSwiftPackageProductDependency section */
	};
	rootObject = 4EDB0C1F26F3921000164E0A /* Project object */;
}
